{
  "requires": true,
  "lockfileVersion": 1,
  "dependencies": {
    "cra-template": {
      "version": "1.0.2",
      "resolved": "https://registry.npmjs.org/cra-template/-/cra-template-1.0.2.tgz",
      "integrity": "sha512-4VHppScMOFhO1vSIFLf+FYBZS7C3mj2rD83vpj+OaGfnDhlTvhTwBAUZd2gaqNjE97Glk8pU+vKlvLZaqCzTvw=="
    }
  }
}
